
Microsoft Visual Studio Solution File, Format Version 12.00
# Visual Studio Version 17
VisualStudioVersion = 17.9.34714.143
MinimumVisualStudioVersion = 10.0.40219.1
Project("{9A19103F-16F7-4668-BE54-9A1E7A4F7556}") = "NoteNexus", "NoteNexus.csproj", "{1CC3CC80-97D4-4DE3-B839-13DFB4D9EA3E}"
EndProject
Global
	GlobalSection(SolutionConfigurationPlatforms) = preSolution
		Debug|Any CPU = Debug|Any CPU
		Release|Any CPU = Release|Any CPU
	EndGlobalSection
	GlobalSection(ProjectConfigurationPlatforms) = postSolution
		{1CC3CC80-97D4-4DE3-B839-13DFB4D9EA3E}.Debug|Any CPU.ActiveCfg = Debug|Any CPU
		{1CC3CC80-97D4-4DE3-B839-13DFB4D9EA3E}.Debug|Any CPU.Build.0 = Debug|Any CPU
		{1CC3CC80-97D4-4DE3-B839-13DFB4D9EA3E}.Release|Any CPU.ActiveCfg = Release|Any CPU
		{1CC3CC80-97D4-4DE3-B839-13DFB4D9EA3E}.Release|Any CPU.Build.0 = Release|Any CPU
	EndGlobalSection
	GlobalSection(SolutionProperties) = preSolution
		HideSolutionNode = FALSE
	EndGlobalSection
	GlobalSection(ExtensibilityGlobals) = postSolution
		SolutionGuid = {3C0FEF4A-6FBB-4D2A-893C-B849AA60FFFD}
	EndGlobalSection
EndGlobal
